
Microsoft Visual Studio Solution File, Format Version 12.00
# Visual Studio Version 16
VisualStudioVersion = 16.0.30804.86
MinimumVisualStudioVersion = 10.0.40219.1
Project("{8BC9CEB8-8B4A-11D0-8D11-00A0C91BC942}") = "PuzzleGame", "..\C++\PuzzleGame\PuzzleGame\PuzzleGame.vcxproj", "{D7E06C1E-900F-402B-BCAC-642EFF49300C}"
	ProjectSection(ProjectDependencies) = postProject
		{BE50D4A1-81AC-4547-B6F0-F4565AF88FFE} = {BE50D4A1-81AC-4547-B6F0-F4565AF88FFE}
	EndProjectSection
EndProject
Project("{8BC9CEB8-8B4A-11D0-8D11-00A0C91BC942}") = "Engine", "..\C++\PuzzleGame\Engine\Engine.vcxproj", "{BE50D4A1-81AC-4547-B6F0-F4565AF88FFE}"
EndProject
Global
	GlobalSection(SolutionConfigurationPlatforms) = preSolution
		Debug|Win32 = Debug|Win32
		Debug|x64 = Debug|x64
		Debug|x86 = Debug|x86
		Release|Win32 = Release|Win32
		Release|x64 = Release|x64
		Release|x86 = Release|x86
	EndGlobalSection
	GlobalSection(ProjectConfigurationPlatforms) = postSolution
		{D7E06C1E-900F-402B-BCAC-642EFF49300C}.Debug|Win32.ActiveCfg = Debug|Win32
		{D7E06C1E-900F-402B-BCAC-642EFF49300C}.Debug|Win32.Build.0 = Debug|Win32
		{D7E06C1E-900F-402B-BCAC-642EFF49300C}.Debug|x64.ActiveCfg = Debug|Win32
		{D7E06C1E-900F-402B-BCAC-642EFF49300C}.Debug|x86.ActiveCfg = Debug|Win32
		{D7E06C1E-900F-402B-BCAC-642EFF49300C}.Debug|x86.Build.0 = Debug|Win32
		{D7E06C1E-900F-402B-BCAC-642EFF49300C}.Release|Win32.ActiveCfg = Release|Win32
		{D7E06C1E-900F-402B-BCAC-642EFF49300C}.Release|Win32.Build.0 = Release|Win32
		{D7E06C1E-900F-402B-BCAC-642EFF49300C}.Release|x64.ActiveCfg = Release|Win32
		{D7E06C1E-900F-402B-BCAC-642EFF49300C}.Release|x86.ActiveCfg = Release|Win32
		{D7E06C1E-900F-402B-BCAC-642EFF49300C}.Release|x86.Build.0 = Release|Win32
		{BE50D4A1-81AC-4547-B6F0-F4565AF88FFE}.Debug|Win32.ActiveCfg = Debug|Win32
		{BE50D4A1-81AC-4547-B6F0-F4565AF88FFE}.Debug|Win32.Build.0 = Debug|Win32
		{BE50D4A1-81AC-4547-B6F0-F4565AF88FFE}.Debug|x64.ActiveCfg = Debug|x64
		{BE50D4A1-81AC-4547-B6F0-F4565AF88FFE}.Debug|x64.Build.0 = Debug|x64
		{BE50D4A1-81AC-4547-B6F0-F4565AF88FFE}.Debug|x86.ActiveCfg = Debug|Win32
		{BE50D4A1-81AC-4547-B6F0-F4565AF88FFE}.Debug|x86.Build.0 = Debug|Win32
		{BE50D4A1-81AC-4547-B6F0-F4565AF88FFE}.Release|Win32.ActiveCfg = Release|Win32
		{BE50D4A1-81AC-4547-B6F0-F4565AF88FFE}.Release|Win32.Build.0 = Release|Win32
		{BE50D4A1-81AC-4547-B6F0-F4565AF88FFE}.Release|x64.ActiveCfg = Release|x64
		{BE50D4A1-81AC-4547-B6F0-F4565AF88FFE}.Release|x64.Build.0 = Release|x64
		{BE50D4A1-81AC-4547-B6F0-F4565AF88FFE}.Release|x86.ActiveCfg = Release|Win32
		{BE50D4A1-81AC-4547-B6F0-F4565AF88FFE}.Release|x86.Build.0 = Release|Win32
	EndGlobalSection
	GlobalSection(SolutionProperties) = preSolution
		HideSolutionNode = FALSE
	EndGlobalSection
	GlobalSection(ExtensibilityGlobals) = postSolution
		SolutionGuid = {412687DB-2FF3-4493-A4FE-026CAC101A87}
	EndGlobalSection
EndGlobal
